
Microsoft Visual Studio Solution File, Format Version 12.00
# Visual Studio Version 17
VisualStudioVersion = 17.5.002.0
MinimumVisualStudioVersion = 10.0.40219.1
Project("{9A19103F-16F7-4668-BE54-9A1E7A4F7556}") = "ConsoleApp", "ConsoleApp\ConsoleApp.csproj", "{E63A13F6-3819-4204-BDF7-32A3CED76671}"
EndProject
Global
	GlobalSection(SolutionConfigurationPlatforms) = preSolution
		Debug|Any CPU = Debug|Any CPU
		Release|Any CPU = Release|Any CPU
	EndGlobalSection
	GlobalSection(ProjectConfigurationPlatforms) = postSolution
		{E63A13F6-3819-4204-BDF7-32A3CED76671}.Debug|Any CPU.ActiveCfg = Debug|Any CPU
		{E63A13F6-3819-4204-BDF7-32A3CED76671}.Debug|Any CPU.Build.0 = Debug|Any CPU
		{E63A13F6-3819-4204-BDF7-32A3CED76671}.Release|Any CPU.ActiveCfg = Release|Any CPU
		{E63A13F6-3819-4204-BDF7-32A3CED76671}.Release|Any CPU.Build.0 = Release|Any CPU
	EndGlobalSection
	GlobalSection(SolutionProperties) = preSolution
		HideSolutionNode = FALSE
	EndGlobalSection
	GlobalSection(ExtensibilityGlobals) = postSolution
		SolutionGuid = {8324D616-E9BE-4E76-9EE8-F057DED0C66D}
	EndGlobalSection
EndGlobal
